
Microsoft Visual Studio Solution File, Format Version 12.00
# Visual Studio Version 17
VisualStudioVersion = 17.11.35222.181
MinimumVisualStudioVersion = 10.0.40219.1
Project("{FAE04EC0-301F-11D3-BF4B-00C04F79EFBC}") = "ProjeEczane", "ProjeEczane\ProjeEczane.csproj", "{A8408664-C04E-4D2C-9CF2-5B39035D4DD8}"
EndProject
Global
	GlobalSection(SolutionConfigurationPlatforms) = preSolution
		Debug|Any CPU = Debug|Any CPU
		Release|Any CPU = Release|Any CPU
	EndGlobalSection
	GlobalSection(ProjectConfigurationPlatforms) = postSolution
		{A8408664-C04E-4D2C-9CF2-5B39035D4DD8}.Debug|Any CPU.ActiveCfg = Debug|Any CPU
		{A8408664-C04E-4D2C-9CF2-5B39035D4DD8}.Debug|Any CPU.Build.0 = Debug|Any CPU
		{A8408664-C04E-4D2C-9CF2-5B39035D4DD8}.Release|Any CPU.ActiveCfg = Release|Any CPU
		{A8408664-C04E-4D2C-9CF2-5B39035D4DD8}.Release|Any CPU.Build.0 = Release|Any CPU
	EndGlobalSection
	GlobalSection(SolutionProperties) = preSolution
		HideSolutionNode = FALSE
	EndGlobalSection
	GlobalSection(ExtensibilityGlobals) = postSolution
		SolutionGuid = {9FB91AC5-510D-467F-87F4-1468C4187716}
	EndGlobalSection
EndGlobal
